
Microsoft Visual Studio Solution File, Format Version 12.00
# Visual Studio Version 17
VisualStudioVersion = 17.5.33516.290
MinimumVisualStudioVersion = 10.0.40219.1
Project("{2150E333-8FDC-42A3-9474-1A3956D46DE8}") = "Examples", "Examples", "{F803B37B-3E35-43F8-A772-3A6D0ECB610A}"
EndProject
Project("{2150E333-8FDC-42A3-9474-1A3956D46DE8}") = "DataBufferSamples", "DataBufferSamples", "{040ADE11-7491-4C7C-9A4B-E4B645F08BD5}"
EndProject
Project("{9A19103F-16F7-4668-BE54-9A1E7A4F7556}") = "DataBufferTest", "Examples\DataBufferSamples\DataBufferTest\DataBufferTest.csproj", "{478F350D-4A32-4B68-BC3E-EC913CD097CF}"
EndProject
Project("{9A19103F-16F7-4668-BE54-9A1E7A4F7556}") = "PgpCombinedCrypto", "Examples\PgpCombinedCrypto\PgpCombinedCrypto.csproj", "{B4DC5583-0F25-4451-A15E-171CE7583D3E}"
EndProject
Project("{FAE04EC0-301F-11D3-BF4B-00C04F79EFBC}") = "EncryptStringWithWindowsDataProtectionAPI", "EncryptStringWithDPAPI\EncryptStringWithWindowsDataProtectionAPI.csproj", "{BDA9B1DC-C030-4354-BD3D-27C35BED394D}"
EndProject
Global
	GlobalSection(SolutionConfigurationPlatforms) = preSolution
		Debug|Any CPU = Debug|Any CPU
		Debug|x86 = Debug|x86
		Release|Any CPU = Release|Any CPU
		Release|x86 = Release|x86
	EndGlobalSection
	GlobalSection(ProjectConfigurationPlatforms) = postSolution
		{478F350D-4A32-4B68-BC3E-EC913CD097CF}.Debug|Any CPU.ActiveCfg = Debug|Any CPU
		{478F350D-4A32-4B68-BC3E-EC913CD097CF}.Debug|Any CPU.Build.0 = Debug|Any CPU
		{478F350D-4A32-4B68-BC3E-EC913CD097CF}.Debug|x86.ActiveCfg = Debug|Any CPU
		{478F350D-4A32-4B68-BC3E-EC913CD097CF}.Debug|x86.Build.0 = Debug|Any CPU
		{478F350D-4A32-4B68-BC3E-EC913CD097CF}.Release|Any CPU.ActiveCfg = Release|Any CPU
		{478F350D-4A32-4B68-BC3E-EC913CD097CF}.Release|Any CPU.Build.0 = Release|Any CPU
		{478F350D-4A32-4B68-BC3E-EC913CD097CF}.Release|x86.ActiveCfg = Release|Any CPU
		{478F350D-4A32-4B68-BC3E-EC913CD097CF}.Release|x86.Build.0 = Release|Any CPU
		{B4DC5583-0F25-4451-A15E-171CE7583D3E}.Debug|Any CPU.ActiveCfg = Debug|Any CPU
		{B4DC5583-0F25-4451-A15E-171CE7583D3E}.Debug|Any CPU.Build.0 = Debug|Any CPU
		{B4DC5583-0F25-4451-A15E-171CE7583D3E}.Debug|x86.ActiveCfg = Debug|Any CPU
		{B4DC5583-0F25-4451-A15E-171CE7583D3E}.Debug|x86.Build.0 = Debug|Any CPU
		{B4DC5583-0F25-4451-A15E-171CE7583D3E}.Release|Any CPU.ActiveCfg = Release|Any CPU
		{B4DC5583-0F25-4451-A15E-171CE7583D3E}.Release|Any CPU.Build.0 = Release|Any CPU
		{B4DC5583-0F25-4451-A15E-171CE7583D3E}.Release|x86.ActiveCfg = Release|Any CPU
		{B4DC5583-0F25-4451-A15E-171CE7583D3E}.Release|x86.Build.0 = Release|Any CPU
		{BDA9B1DC-C030-4354-BD3D-27C35BED394D}.Debug|Any CPU.ActiveCfg = Debug|Any CPU
		{BDA9B1DC-C030-4354-BD3D-27C35BED394D}.Debug|Any CPU.Build.0 = Debug|Any CPU
		{BDA9B1DC-C030-4354-BD3D-27C35BED394D}.Debug|x86.ActiveCfg = Debug|Any CPU
		{BDA9B1DC-C030-4354-BD3D-27C35BED394D}.Debug|x86.Build.0 = Debug|Any CPU
		{BDA9B1DC-C030-4354-BD3D-27C35BED394D}.Release|Any CPU.ActiveCfg = Release|Any CPU
		{BDA9B1DC-C030-4354-BD3D-27C35BED394D}.Release|Any CPU.Build.0 = Release|Any CPU
		{BDA9B1DC-C030-4354-BD3D-27C35BED394D}.Release|x86.ActiveCfg = Release|Any CPU
		{BDA9B1DC-C030-4354-BD3D-27C35BED394D}.Release|x86.Build.0 = Release|Any CPU
	EndGlobalSection
	GlobalSection(SolutionProperties) = preSolution
		HideSolutionNode = FALSE
	EndGlobalSection
	GlobalSection(NestedProjects) = preSolution
		{040ADE11-7491-4C7C-9A4B-E4B645F08BD5} = {F803B37B-3E35-43F8-A772-3A6D0ECB610A}
		{478F350D-4A32-4B68-BC3E-EC913CD097CF} = {040ADE11-7491-4C7C-9A4B-E4B645F08BD5}
		{B4DC5583-0F25-4451-A15E-171CE7583D3E} = {F803B37B-3E35-43F8-A772-3A6D0ECB610A}
		{BDA9B1DC-C030-4354-BD3D-27C35BED394D} = {F803B37B-3E35-43F8-A772-3A6D0ECB610A}
	EndGlobalSection
	GlobalSection(ExtensibilityGlobals) = postSolution
		SolutionGuid = {76405F3E-1C3A-4FBE-9275-780388EAA45B}
	EndGlobalSection
EndGlobal
